// !$*UTF8*$!
{
	archiveVersion = 1;
	classes = {
	};
	objectVersion = 50;
	objects = {

/* Begin PBXBuildFile section */
		D5F96FF32608E4BD00999815 /* AppDelegate.swift in Sources */ = {isa = PBXBuildFile; fileRef = D5F96FF22608E4BD00999815 /* AppDelegate.swift */; };
		D5F96FF52608E4BD00999815 /* SceneDelegate.swift in Sources */ = {isa = PBXBuildFile; fileRef = D5F96FF42608E4BD00999815 /* SceneDelegate.swift */; };
		D5F96FF72608E4BD00999815 /* ViewController.swift in Sources */ = {isa = PBXBuildFile; fileRef = D5F96FF62608E4BD00999815 /* ViewController.swift */; };
		D5F96FFA2608E4BD00999815 /* Main.storyboard in Resources */ = {isa = PBXBuildFile; fileRef = D5F96FF82608E4BD00999815 /* Main.storyboard */; };
		D5F96FFC2608E4C000999815 /* Assets.xcassets in Resources */ = {isa = PBXBuildFile; fileRef = D5F96FFB2608E4C000999815 /* Assets.xcassets */; };
		D5F96FFF2608E4C000999815 /* LaunchScreen.storyboard in Resources */ = {isa = PBXBuildFile; fileRef = D5F96FFD2608E4C000999815 /* LaunchScreen.storyboard */; };
		D5F9700A2608E4C000999815 /* SimpleGameSBTests.swift in Sources */ = {isa = PBXBuildFile; fileRef = D5F970092608E4C000999815 /* SimpleGameSBTests.swift */; };
		D5F970152608E4C000999815 /* SimpleGameSBUITests.swift in Sources */ = {isa = PBXBuildFile; fileRef = D5F970142608E4C000999815 /* SimpleGameSBUITests.swift */; };
		D5F9702E2608E91A00999815 /* secondViewController.swift in Sources */ = {isa = PBXBuildFile; fileRef = D5F9702D2608E91A00999815 /* secondViewController.swift */; };
/* End PBXBuildFile section */

/* Begin PBXContainerItemProxy section */
		D5F970062608E4C000999815 /* PBXContainerItemProxy */ = {
			isa = PBXContainerItemProxy;
			containerPortal = D5F96FE72608E4BD00999815 /* Project object */;
			proxyType = 1;
			remoteGlobalIDString = D5F96FEE2608E4BD00999815;
			remoteInfo = SimpleGameSB;
		};
		D5F970112608E4C000999815 /* PBXContainerItemProxy */ = {
			isa = PBXContainerItemProxy;
			containerPortal = D5F96FE72608E4BD00999815 /* Project object */;
			proxyType = 1;
			remoteGlobalIDString = D5F96FEE2608E4BD00999815;
			remoteInfo = SimpleGameSB;
		};
/* End PBXContainerItemProxy section */

/* Begin PBXFileReference section */
		D5F96FEF2608E4BD00999815 /* SimpleGameSB.app */ = {isa = PBXFileReference; explicitFileType = wrapper.application; includeInIndex = 0; path = SimpleGameSB.app; sourceTree = BUILT_PRODUCTS_DIR; };
		D5F96FF22608E4BD00999815 /* AppDelegate.swift */ = {isa = PBXFileReference; lastKnownFileType = sourcecode.swift; path = AppDelegate.swift; sourceTree = "<group>"; };
		D5F96FF42608E4BD00999815 /* SceneDelegate.swift */ = {isa = PBXFileReference; lastKnownFileType = sourcecode.swift; path = SceneDelegate.swift; sourceTree = "<group>"; };
		D5F96FF62608E4BD00999815 /* ViewController.swift */ = {isa = PBXFileReference; lastKnownFileType = sourcecode.swift; path = ViewController.swift; sourceTree = "<group>"; };
		D5F96FF92608E4BD00999815 /* Base */ = {isa = PBXFileReference; lastKnownFileType = file.storyboard; name = Base; path = Base.lproj/Main.storyboard; sourceTree = "<group>"; };
		D5F96FFB2608E4C000999815 /* Assets.xcassets */ = {isa = PBXFileReference; lastKnownFileType = folder.assetcatalog; path = Assets.xcassets; sourceTree = "<group>"; };
		D5F96FFE2608E4C000999815 /* Base */ = {isa = PBXFileReference; lastKnownFileType = file.storyboard; name = Base; path = Base.lproj/LaunchScreen.storyboard; sourceTree = "<group>"; };
		D5F970002608E4C000999815 /* Info.plist */ = {isa = PBXFileReference; lastKnownFileType = text.plist.xml; path = Info.plist; sourceTree = "<group>"; };
		D5F970052608E4C000999815 /* SimpleGameSBTests.xctest */ = {isa = PBXFileReference; explicitFileType = wrapper.cfbundle; includeInIndex = 0; path = SimpleGameSBTests.xctest; sourceTree = BUILT_PRODUCTS_DIR; };
		D5F970092608E4C000999815 /* SimpleGameSBTests.swift */ = {isa = PBXFileReference; lastKnownFileType = sourcecode.swift; path = SimpleGameSBTests.swift; sourceTree = "<group>"; };
		D5F9700B2608E4C000999815 /* Info.plist */ = {isa = PBXFileReference; lastKnownFileType = text.plist.xml; path = Info.plist; sourceTree = "<group>"; };
		D5F970102608E4C000999815 /* SimpleGameSBUITests.xctest */ = {isa = PBXFileReference; explicitFileType = wrapper.cfbundle; includeInIndex = 0; path = SimpleGameSBUITests.xctest; sourceTree = BUILT_PRODUCTS_DIR; };
		D5F970142608E4C000999815 /* SimpleGameSBUITests.swift */ = {isa = PBXFileReference; lastKnownFileType = sourcecode.swift; path = SimpleGameSBUITests.swift; sourceTree = "<group>"; };
		D5F970162608E4C000999815 /* Info.plist */ = {isa = PBXFileReference; lastKnownFileType = text.plist.xml; path = Info.plist; sourceTree = "<group>"; };
		D5F9702D2608E91A00999815 /* secondViewController.swift */ = {isa = PBXFileReference; lastKnownFileType = sourcecode.swift; path = secondViewController.swift; sourceTree = "<group>"; };
/* End PBXFileReference section */

/* Begin PBXFrameworksBuildPhase section */
		D5F96FEC2608E4BD00999815 /* Frameworks */ = {
			isa = PBXFrameworksBuildPhase;
			buildActionMask = 2147483647;
			files = (
			);
			runOnlyForDeploymentPostprocessing = 0;
		};
		D5F970022608E4C000999815 /* Frameworks */ = {
			isa = PBXFrameworksBuildPhase;
			buildActionMask = 2147483647;
			files = (
			);
			runOnlyForDeploymentPostprocessing = 0;
		};
		D5F9700D2608E4C000999815 /* Frameworks */ = {
			isa = PBXFrameworksBuildPhase;
			buildActionMask = 2147483647;
			files = (
			);
			runOnlyForDeploymentPostprocessing = 0;
		};
/* End PBXFrameworksBuildPhase section */

/* Begin PBXGroup section */
		D5F96FE62608E4BD00999815 = {
			isa = PBXGroup;
			children = (
				D5F96FF12608E4BD00999815 /* SimpleGameSB */,
				D5F970082608E4C000999815 /* SimpleGameSBTests */,
				D5F970132608E4C000999815 /* SimpleGameSBUITests */,
				D5F96FF02608E4BD00999815 /* Products */,
			);
			sourceTree = "<group>";
		};
		D5F96FF02608E4BD00999815 /* Products */ = {
			isa = PBXGroup;
			children = (
				D5F96FEF2608E4BD00999815 /* SimpleGameSB.app */,
				D5F970052608E4C000999815 /* SimpleGameSBTests.xctest */,
				D5F970102608E4C000999815 /* SimpleGameSBUITests.xctest */,
			);
			name = Products;
			sourceTree = "<group>";
		};
		D5F96FF12608E4BD00999815 /* SimpleGameSB */ = {
			isa = PBXGroup;
			children = (
				D5F96FF22608E4BD00999815 /* AppDelegate.swift */,
				D5F96FF42608E4BD00999815 /* SceneDelegate.swift */,
				D5F96FF62608E4BD00999815 /* ViewController.swift */,
				D5F9702D2608E91A00999815 /* secondViewController.swift */,
				D5F96FF82608E4BD00999815 /* Main.storyboard */,
				D5F96FFB2608E4C000999815 /* Assets.xcassets */,
				D5F96FFD2608E4C000999815 /* LaunchScreen.storyboard */,
				D5F970002608E4C000999815 /* Info.plist */,
			);
			path = SimpleGameSB;
			sourceTree = "<group>";
		};
		D5F970082608E4C000999815 /* SimpleGameSBTests */ = {
			isa = PBXGroup;
			children = (
				D5F970092608E4C000999815 /* SimpleGameSBTests.swift */,
				D5F9700B2608E4C000999815 /* Info.plist */,
			);
			path = SimpleGameSBTests;
			sourceTree = "<group>";
		};
		D5F970132608E4C000999815 /* SimpleGameSBUITests */ = {
			isa = PBXGroup;
			children = (
				D5F970142608E4C000999815 /* SimpleGameSBUITests.swift */,
				D5F970162608E4C000999815 /* Info.plist */,
			);
			path = SimpleGameSBUITests;
			sourceTree = "<group>";
		};
/* End PBXGroup section */

/* Begin PBXNativeTarget section */
		D5F96FEE2608E4BD00999815 /* SimpleGameSB */ = {
			isa = PBXNativeTarget;
			buildConfigurationList = D5F970192608E4C000999815 /* Build configuration list for PBXNativeTarget "SimpleGameSB" */;
			buildPhases = (
				D5F96FEB2608E4BD00999815 /* Sources */,
				D5F96FEC2608E4BD00999815 /* Frameworks */,
				D5F96FED2608E4BD00999815 /* Resources */,
			);
			buildRules = (
			);
			dependencies = (
			);
			name = SimpleGameSB;
			productName = SimpleGameSB;
			productReference = D5F96FEF2608E4BD00999815 /* SimpleGameSB.app */;
			productType = "com.apple.product-type.application";
		};
		D5F970042608E4C000999815 /* SimpleGameSBTests */ = {
			isa = PBXNativeTarget;
			buildConfigurationList = D5F9701C2608E4C000999815 /* Build configuration list for PBXNativeTarget "SimpleGameSBTests" */;
			buildPhases = (
				D5F970012608E4C000999815 /* Sources */,
				D5F970022608E4C000999815 /* Frameworks */,
				D5F970032608E4C000999815 /* Resources */,
			);
			buildRules = (
			);
			dependencies = (
				D5F970072608E4C000999815 /* PBXTargetDependency */,
			);
			name = SimpleGameSBTests;
			productName = SimpleGameSBTests;
			productReference = D5F970052608E4C000999815 /* SimpleGameSBTests.xctest */;
			productType = "com.apple.product-type.bundle.unit-test";
		};
		D5F9700F2608E4C000999815 /* SimpleGameSBUITests */ = {
			isa = PBXNativeTarget;
			buildConfigurationList = D5F9701F2608E4C000999815 /* Build configuration list for PBXNativeTarget "SimpleGameSBUITests" */;
			buildPhases = (
				D5F9700C2608E4C000999815 /* Sources */,
				D5F9700D2608E4C000999815 /* Frameworks */,
				D5F9700E2608E4C000999815 /* Resources */,
			);
			buildRules = (
			);
			dependencies = (
				D5F970122608E4C000999815 /* PBXTargetDependency */,
			);
			name = SimpleGameSBUITests;
			productName = SimpleGameSBUITests;
			productReference = D5F970102608E4C000999815 /* SimpleGameSBUITests.xctest */;
			productType = "com.apple.product-type.bundle.ui-testing";
		};
/* End PBXNativeTarget section */

/* Begin PBXProject section */
		D5F96FE72608E4BD00999815 /* Project object */ = {
			isa = PBXProject;
			attributes = {
				LastSwiftUpdateCheck = 1240;
				LastUpgradeCheck = 1240;
				TargetAttributes = {
					D5F96FEE2608E4BD00999815 = {
						CreatedOnToolsVersion = 12.4;
					};
					D5F970042608E4C000999815 = {
						CreatedOnToolsVersion = 12.4;
						TestTargetID = D5F96FEE2608E4BD00999815;
					};
					D5F9700F2608E4C000999815 = {
						CreatedOnToolsVersion = 12.4;
						TestTargetID = D5F96FEE2608E4BD00999815;
					};
				};
			};
			buildConfigurationList = D5F96FEA2608E4BD00999815 /* Build configuration list for PBXProject "SimpleGameSB" */;
			compatibilityVersion = "Xcode 9.3";
			developmentRegion = en;
			hasScannedForEncodings = 0;
			knownRegions = (
				en,
				Base,
			);
			mainGroup = D5F96FE62608E4BD00999815;
			productRefGroup = D5F96FF02608E4BD00999815 /* Products */;
			projectDirPath = "";
			projectRoot = "";
			targets = (
				D5F96FEE2608E4BD00999815 /* SimpleGameSB */,
				D5F970042608E4C000999815 /* SimpleGameSBTests */,
				D5F9700F2608E4C000999815 /* SimpleGameSBUITests */,
			);
		};
/* End PBXProject section */

/* Begin PBXResourcesBuildPhase section */
		D5F96FED2608E4BD00999815 /* Resources */ = {
			isa = PBXResourcesBuildPhase;
			buildActionMask = 2147483647;
			files = (
				D5F96FFF2608E4C000999815 /* LaunchScreen.storyboard in Resources */,
				D5F96FFC2608E4C000999815 /* Assets.xcassets in Resources */,
				D5F96FFA2608E4BD00999815 /* Main.storyboard in Resources */,
			);
			runOnlyForDeploymentPostprocessing = 0;
		};
		D5F970032608E4C000999815 /* Resources */ = {
			isa = PBXResourcesBuildPhase;
			buildActionMask = 2147483647;
			files = (
			);
			runOnlyForDeploymentPostprocessing = 0;
		};
		D5F9700E2608E4C000999815 /* Resources */ = {
			isa = PBXResourcesBuildPhase;
			buildActionMask = 2147483647;
			files = (
			);
			runOnlyForDeploymentPostprocessing = 0;
		};
/* End PBXResourcesBuildPhase section */

/* Begin PBXSourcesBuildPhase section */
		D5F96FEB2608E4BD00999815 /* Sources */ = {
			isa = PBXSourcesBuildPhase;
			buildActionMask = 2147483647;
			files = (
				D5F9702E2608E91A00999815 /* secondViewController.swift in Sources */,
				D5F96FF72608E4BD00999815 /* ViewController.swift in Sources */,
				D5F96FF32608E4BD00999815 /* AppDelegate.swift in Sources */,
				D5F96FF52608E4BD00999815 /* SceneDelegate.swift in Sources */,
			);
			runOnlyForDeploymentPostprocessing = 0;
		};
		D5F970012608E4C000999815 /* Sources */ = {
			isa = PBXSourcesBuildPhase;
			buildActionMask = 2147483647;
			files = (
				D5F9700A2608E4C000999815 /* SimpleGameSBTests.swift in Sources */,
			);
			runOnlyForDeploymentPostprocessing = 0;
		};
		D5F9700C2608E4C000999815 /* Sources */ = {
			isa = PBXSourcesBuildPhase;
			buildActionMask = 2147483647;
			files = (
				D5F970152608E4C000999815 /* SimpleGameSBUITests.swift in Sources */,
			);
			runOnlyForDeploymentPostprocessing = 0;
		};
/* End PBXSourcesBuildPhase section */

/* Begin PBXTargetDependency section */
		D5F970072608E4C000999815 /* PBXTargetDependency */ = {
			isa = PBXTargetDependency;
			target = D5F96FEE2608E4BD00999815 /* SimpleGameSB */;
			targetProxy = D5F970062608E4C000999815 /* PBXContainerItemProxy */;
		};
		D5F970122608E4C000999815 /* PBXTargetDependency */ = {
			isa = PBXTargetDependency;
			target = D5F96FEE2608E4BD00999815 /* SimpleGameSB */;
			targetProxy = D5F970112608E4C000999815 /* PBXContainerItemProxy */;
		};
/* End PBXTargetDependency section */

/* Begin PBXVariantGroup section */
		D5F96FF82608E4BD00999815 /* Main.storyboard */ = {
			isa = PBXVariantGroup;
			children = (
				D5F96FF92608E4BD00999815 /* Base */,
			);
			name = Main.storyboard;
			sourceTree = "<group>";
		};
		D5F96FFD2608E4C000999815 /* LaunchScreen.storyboard */ = {
			isa = PBXVariantGroup;
			children = (
				D5F96FFE2608E4C000999815 /* Base */,
			);
			name = LaunchScreen.storyboard;
			sourceTree = "<group>";
		};
/* End PBXVariantGroup section */

/* Begin XCBuildConfiguration section */
		D5F970172608E4C000999815 /* Debug */ = {
			isa = XCBuildConfiguration;
			buildSettings = {
				ALWAYS_SEARCH_USER_PATHS = NO;
				CLANG_ANALYZER_NONNULL = YES;
				CLANG_ANALYZER_NUMBER_OBJECT_CONVERSION = YES_AGGRESSIVE;
				CLANG_CXX_LANGUAGE_STANDARD = "gnu++14";
				CLANG_CXX_LIBRARY = "libc++";
				CLANG_ENABLE_MODULES = YES;
				CLANG_ENABLE_OBJC_ARC = YES;
				CLANG_ENABLE_OBJC_WEAK = YES;
				CLANG_WARN_BLOCK_CAPTURE_AUTORELEASING = YES;
				CLANG_WARN_BOOL_CONVERSION = YES;
				CLANG_WARN_COMMA = YES;
				CLANG_WARN_CONSTANT_CONVERSION = YES;
				CLANG_WARN_DEPRECATED_OBJC_IMPLEMENTATIONS = YES;
				CLANG_WARN_DIRECT_OBJC_ISA_USAGE = YES_ERROR;
				CLANG_WARN_DOCUMENTATION_COMMENTS = YES;
				CLANG_WARN_EMPTY_BODY = YES;
				CLANG_WARN_ENUM_CONVERSION = YES;
				CLANG_WARN_INFINITE_RECURSION = YES;
				CLANG_WARN_INT_CONVERSION = YES;
				CLANG_WARN_NON_LITERAL_NULL_CONVERSION = YES;
				CLANG_WARN_OBJC_IMPLICIT_RETAIN_SELF = YES;
				CLANG_WARN_OBJC_LITERAL_CONVERSION = YES;
				CLANG_WARN_OBJC_ROOT_CLASS = YES_ERROR;
				CLANG_WARN_QUOTED_INCLUDE_IN_FRAMEWORK_HEADER = YES;
				CLANG_WARN_RANGE_LOOP_ANALYSIS = YES;
				CLANG_WARN_STRICT_PROTOTYPES = YES;
				CLANG_WARN_SUSPICIOUS_MOVE = YES;
				CLANG_WARN_UNGUARDED_AVAILABILITY = YES_AGGRESSIVE;
				CLANG_WARN_UNREACHABLE_CODE = YES;
				CLANG_WARN__DUPLICATE_METHOD_MATCH = YES;
				COPY_PHASE_STRIP = NO;
				DEBUG_INFORMATION_FORMAT = dwarf;
				ENABLE_STRICT_OBJC_MSGSEND = YES;
				ENABLE_TESTABILITY = YES;
				GCC_C_LANGUAGE_STANDARD = gnu11;
				GCC_DYNAMIC_NO_PIC = NO;
				GCC_NO_COMMON_BLOCKS = YES;
				GCC_OPTIMIZATION_LEVEL = 0;
				GCC_PREPROCESSOR_DEFINITIONS = (
					"DEBUG=1",
					"$(inherited)",
				);
				GCC_WARN_64_TO_32_BIT_CONVERSION = YES;
				GCC_WARN_ABOUT_RETURN_TYPE = YES_ERROR;
				GCC_WARN_UNDECLARED_SELECTOR = YES;
				GCC_WARN_UNINITIALIZED_AUTOS = YES_AGGRESSIVE;
				GCC_WARN_UNUSED_FUNCTION = YES;
				GCC_WARN_UNUSED_VARIABLE = YES;
				IPHONEOS_DEPLOYMENT_TARGET = 14.4;
				MTL_ENABLE_DEBUG_INFO = INCLUDE_SOURCE;
				MTL_FAST_MATH = YES;
				ONLY_ACTIVE_ARCH = YES;
				SDKROOT = iphoneos;
				SWIFT_ACTIVE_COMPILATION_CONDITIONS = DEBUG;
				SWIFT_OPTIMIZATION_LEVEL = "-Onone";
			};
			name = Debug;
		};
		D5F970182608E4C000999815 /* Release */ = {
			isa = XCBuildConfiguration;
			buildSettings = {
				ALWAYS_SEARCH_USER_PATHS = NO;
				CLANG_ANALYZER_NONNULL = YES;
				CLANG_ANALYZER_NUMBER_OBJECT_CONVERSION = YES_AGGRESSIVE;
				CLANG_CXX_LANGUAGE_STANDARD = "gnu++14";
				CLANG_CXX_LIBRARY = "libc++";
				CLANG_ENABLE_MODULES = YES;
				CLANG_ENABLE_OBJC_ARC = YES;
				CLANG_ENABLE_OBJC_WEAK = YES;
				CLANG_WARN_BLOCK_CAPTURE_AUTORELEASING = YES;
				CLANG_WARN_BOOL_CONVERSION = YES;
				CLANG_WARN_COMMA = YES;
				CLANG_WARN_CONSTANT_CONVERSION = YES;
				CLANG_WARN_DEPRECATED_OBJC_IMPLEMENTATIONS = YES;
				CLANG_WARN_DIRECT_OBJC_ISA_USAGE = YES_ERROR;
				CLANG_WARN_DOCUMENTATION_COMMENTS = YES;
				CLANG_WARN_EMPTY_BODY = YES;
				CLANG_WARN_ENUM_CONVERSION = YES;
				CLANG_WARN_INFINITE_RECURSION = YES;
				CLANG_WARN_INT_CONVERSION = YES;
				CLANG_WARN_NON_LITERAL_NULL_CONVERSION = YES;
				CLANG_WARN_OBJC_IMPLICIT_RETAIN_SELF = YES;
				CLANG_WARN_OBJC_LITERAL_CONVERSION = YES;
				CLANG_WARN_OBJC_ROOT_CLASS = YES_ERROR;
				CLANG_WARN_QUOTED_INCLUDE_IN_FRAMEWORK_HEADER = YES;
				CLANG_WARN_RANGE_LOOP_ANALYSIS = YES;
				CLANG_WARN_STRICT_PROTOTYPES = YES;
				CLANG_WARN_SUSPICIOUS_MOVE = YES;
				CLANG_WARN_UNGUARDED_AVAILABILITY = YES_AGGRESSIVE;
				CLANG_WARN_UNREACHABLE_CODE = YES;
				CLANG_WARN__DUPLICATE_METHOD_MATCH = YES;
				COPY_PHASE_STRIP = NO;
				DEBUG_INFORMATION_FORMAT = "dwarf-with-dsym";
				ENABLE_NS_ASSERTIONS = NO;
				ENABLE_STRICT_OBJC_MSGSEND = YES;
				GCC_C_LANGUAGE_STANDARD = gnu11;
				GCC_NO_COMMON_BLOCKS = YES;
				GCC_WARN_64_TO_32_BIT_CONVERSION = YES;
				GCC_WARN_ABOUT_RETURN_TYPE = YES_ERROR;
				GCC_WARN_UNDECLARED_SELECTOR = YES;
				GCC_WARN_UNINITIALIZED_AUTOS = YES_AGGRESSIVE;
				GCC_WARN_UNUSED_FUNCTION = YES;
				GCC_WARN_UNUSED_VARIABLE = YES;
				IPHONEOS_DEPLOYMENT_TARGET = 14.4;
				MTL_ENABLE_DEBUG_INFO = NO;
				MTL_FAST_MATH = YES;
				SDKROOT = iphoneos;
				SWIFT_COMPILATION_MODE = wholemodule;
				SWIFT_OPTIMIZATION_LEVEL = "-O";
				VALIDATE_PRODUCT = YES;
			};
			name = Release;
		};
		D5F9701A2608E4C000999815 /* Debug */ = {
			isa = XCBuildConfiguration;
			buildSettings = {
				ASSETCATALOG_COMPILER_APPICON_NAME = AppIcon;
				ASSETCATALOG_COMPILER_GLOBAL_ACCENT_COLOR_NAME = AccentColor;
				CODE_SIGN_STYLE = Automatic;
				INFOPLIST_FILE = SimpleGameSB/Info.plist;
				LD_RUNPATH_SEARCH_PATHS = (
					"$(inherited)",
					"@executable_path/Frameworks",
				);
				PRODUCT_BUNDLE_IDENTIFIER = edu.binghamton.SimpleGameSB;
				PRODUCT_NAME = "$(TARGET_NAME)";
				SWIFT_VERSION = 5.0;
				TARGETED_DEVICE_FAMILY = "1,2";
			};
			name = Debug;
		};
		D5F9701B2608E4C000999815 /* Release */ = {
			isa = XCBuildConfiguration;
			buildSettings = {
				ASSETCATALOG_COMPILER_APPICON_NAME = AppIcon;
				ASSETCATALOG_COMPILER_GLOBAL_ACCENT_COLOR_NAME = AccentColor;
				CODE_SIGN_STYLE = Automatic;
				INFOPLIST_FILE = SimpleGameSB/Info.plist;
				LD_RUNPATH_SEARCH_PATHS = (
					"$(inherited)",
					"@executable_path/Frameworks",
				);
				PRODUCT_BUNDLE_IDENTIFIER = edu.binghamton.SimpleGameSB;
				PRODUCT_NAME = "$(TARGET_NAME)";
				SWIFT_VERSION = 5.0;
				TARGETED_DEVICE_FAMILY = "1,2";
			};
			name = Release;
		};
		D5F9701D2608E4C000999815 /* Debug */ = {
			isa = XCBuildConfiguration;
			buildSettings = {
				ALWAYS_EMBED_SWIFT_STANDARD_LIBRARIES = YES;
				BUNDLE_LOADER = "$(TEST_HOST)";
				CODE_SIGN_STYLE = Automatic;
				INFOPLIST_FILE = SimpleGameSBTests/Info.plist;
				IPHONEOS_DEPLOYMENT_TARGET = 14.4;
				LD_RUNPATH_SEARCH_PATHS = (
					"$(inherited)",
					"@executable_path/Frameworks",
					"@loader_path/Frameworks",
				);
				PRODUCT_BUNDLE_IDENTIFIER = edu.binghamton.SimpleGameSBTests;
				PRODUCT_NAME = "$(TARGET_NAME)";
				SWIFT_VERSION = 5.0;
				TARGETED_DEVICE_FAMILY = "1,2";
				TEST_HOST = "$(BUILT_PRODUCTS_DIR)/SimpleGameSB.app/SimpleGameSB";
			};
			name = Debug;
		};
		D5F9701E2608E4C000999815 /* Release */ = {
			isa = XCBuildConfiguration;
			buildSettings = {
				ALWAYS_EMBED_SWIFT_STANDARD_LIBRARIES = YES;
				BUNDLE_LOADER = "$(TEST_HOST)";
				CODE_SIGN_STYLE = Automatic;
				INFOPLIST_FILE = SimpleGameSBTests/Info.plist;
				IPHONEOS_DEPLOYMENT_TARGET = 14.4;
				LD_RUNPATH_SEARCH_PATHS = (
					"$(inherited)",
					"@executable_path/Frameworks",
					"@loader_path/Frameworks",
				);
				PRODUCT_BUNDLE_IDENTIFIER = edu.binghamton.SimpleGameSBTests;
				PRODUCT_NAME = "$(TARGET_NAME)";
				SWIFT_VERSION = 5.0;
				TARGETED_DEVICE_FAMILY = "1,2";
				TEST_HOST = "$(BUILT_PRODUCTS_DIR)/SimpleGameSB.app/SimpleGameSB";
			};
			name = Release;
		};
		D5F970202608E4C000999815 /* Debug */ = {
			isa = XCBuildConfiguration;
			buildSettings = {
				ALWAYS_EMBED_SWIFT_STANDARD_LIBRARIES = YES;
				CODE_SIGN_STYLE = Automatic;
				INFOPLIST_FILE = SimpleGameSBUITests/Info.plist;
				LD_RUNPATH_SEARCH_PATHS = (
					"$(inherited)",
					"@executable_path/Frameworks",
					"@loader_path/Frameworks",
				);
				PRODUCT_BUNDLE_IDENTIFIER = edu.binghamton.SimpleGameSBUITests;
				PRODUCT_NAME = "$(TARGET_NAME)";
				SWIFT_VERSION = 5.0;
				TARGETED_DEVICE_FAMILY = "1,2";
				TEST_TARGET_NAME = SimpleGameSB;
			};
			name = Debug;
		};
		D5F970212608E4C000999815 /* Release */ = {
			isa = XCBuildConfiguration;
			buildSettings = {
				ALWAYS_EMBED_SWIFT_STANDARD_LIBRARIES = YES;
				CODE_SIGN_STYLE = Automatic;
				INFOPLIST_FILE = SimpleGameSBUITests/Info.plist;
				LD_RUNPATH_SEARCH_PATHS = (
					"$(inherited)",
					"@executable_path/Frameworks",
					"@loader_path/Frameworks",
				);
				PRODUCT_BUNDLE_IDENTIFIER = edu.binghamton.SimpleGameSBUITests;
				PRODUCT_NAME = "$(TARGET_NAME)";
				SWIFT_VERSION = 5.0;
				TARGETED_DEVICE_FAMILY = "1,2";
				TEST_TARGET_NAME = SimpleGameSB;
			};
			name = Release;
		};
/* End XCBuildConfiguration section */

/* Begin XCConfigurationList section */
		D5F96FEA2608E4BD00999815 /* Build configuration list for PBXProject "SimpleGameSB" */ = {
			isa = XCConfigurationList;
			buildConfigurations = (
				D5F970172608E4C000999815 /* Debug */,
				D5F970182608E4C000999815 /* Release */,
			);
			defaultConfigurationIsVisible = 0;
			defaultConfigurationName = Release;
		};
		D5F970192608E4C000999815 /* Build configuration list for PBXNativeTarget "SimpleGameSB" */ = {
			isa = XCConfigurationList;
			buildConfigurations = (
				D5F9701A2608E4C000999815 /* Debug */,
				D5F9701B2608E4C000999815 /* Release */,
			);
			defaultConfigurationIsVisible = 0;
			defaultConfigurationName = Release;
		};
		D5F9701C2608E4C000999815 /* Build configuration list for PBXNativeTarget "SimpleGameSBTests" */ = {
			isa = XCConfigurationList;
			buildConfigurations = (
				D5F9701D2608E4C000999815 /* Debug */,
				D5F9701E2608E4C000999815 /* Release */,
			);
			defaultConfigurationIsVisible = 0;
			defaultConfigurationName = Release;
		};
		D5F9701F2608E4C000999815 /* Build configuration list for PBXNativeTarget "SimpleGameSBUITests" */ = {
			isa = XCConfigurationList;
			buildConfigurations = (
				D5F970202608E4C000999815 /* Debug */,
				D5F970212608E4C000999815 /* Release */,
			);
			defaultConfigurationIsVisible = 0;
			defaultConfigurationName = Release;
		};
/* End XCConfigurationList section */
	};
	rootObject = D5F96FE72608E4BD00999815 /* Project object */;
}
